
Microsoft Visual Studio Solution File, Format Version 12.00
# Visual Studio Version 16
VisualStudioVersion = 16.0.30204.135
MinimumVisualStudioVersion = 10.0.40219.1
Project("{FAE04EC0-301F-11D3-BF4B-00C04F79EFBC}") = "Homework_35", "Homework_35\Homework_35.csproj", "{669FAEA1-8DA9-4732-AFF1-887F0985A5FB}"
EndProject
Project("{FAE04EC0-301F-11D3-BF4B-00C04F79EFBC}") = "BusinessLogic", "BusinessLogic\BusinessLogic.csproj", "{487A0143-7055-49AA-8223-83219A766D66}"
EndProject
Project("{FAE04EC0-301F-11D3-BF4B-00C04F79EFBC}") = "DataAccess", "DataAccess\DataAccess.csproj", "{73FE67BA-F8D4-4D6E-A5C6-C1F63D2DC005}"
EndProject
Global
	GlobalSection(SolutionConfigurationPlatforms) = preSolution
		Debug|Any CPU = Debug|Any CPU
		Release|Any CPU = Release|Any CPU
	EndGlobalSection
	GlobalSection(ProjectConfigurationPlatforms) = postSolution
		{669FAEA1-8DA9-4732-AFF1-887F0985A5FB}.Debug|Any CPU.ActiveCfg = Debug|Any CPU
		{669FAEA1-8DA9-4732-AFF1-887F0985A5FB}.Debug|Any CPU.Build.0 = Debug|Any CPU
		{669FAEA1-8DA9-4732-AFF1-887F0985A5FB}.Release|Any CPU.ActiveCfg = Release|Any CPU
		{669FAEA1-8DA9-4732-AFF1-887F0985A5FB}.Release|Any CPU.Build.0 = Release|Any CPU
		{487A0143-7055-49AA-8223-83219A766D66}.Debug|Any CPU.ActiveCfg = Debug|Any CPU
		{487A0143-7055-49AA-8223-83219A766D66}.Debug|Any CPU.Build.0 = Debug|Any CPU
		{487A0143-7055-49AA-8223-83219A766D66}.Release|Any CPU.ActiveCfg = Release|Any CPU
		{487A0143-7055-49AA-8223-83219A766D66}.Release|Any CPU.Build.0 = Release|Any CPU
		{73FE67BA-F8D4-4D6E-A5C6-C1F63D2DC005}.Debug|Any CPU.ActiveCfg = Debug|Any CPU
		{73FE67BA-F8D4-4D6E-A5C6-C1F63D2DC005}.Debug|Any CPU.Build.0 = Debug|Any CPU
		{73FE67BA-F8D4-4D6E-A5C6-C1F63D2DC005}.Release|Any CPU.ActiveCfg = Release|Any CPU
		{73FE67BA-F8D4-4D6E-A5C6-C1F63D2DC005}.Release|Any CPU.Build.0 = Release|Any CPU
	EndGlobalSection
	GlobalSection(SolutionProperties) = preSolution
		HideSolutionNode = FALSE
	EndGlobalSection
	GlobalSection(ExtensibilityGlobals) = postSolution
		SolutionGuid = {28FBDEE8-19D4-4E54-9771-1C30532349DB}
	EndGlobalSection
EndGlobal
